// !$*UTF8*$!
{
	archiveVersion = 1;
	classes = {
	};
	objectVersion = 50;
	objects = {

/* Begin PBXBuildFile section */
		75119EEB216CC4CF0051C92E /* Shop.swift in Sources */ = {isa = PBXBuildFile; fileRef = 75119EEA216CC4CF0051C92E /* Shop.swift */; };
		751D214F216A0BC900F866FD /* Blog.swift in Sources */ = {isa = PBXBuildFile; fileRef = 751D214E216A0BC900F866FD /* Blog.swift */; };
		7529FF922187029F0052C262 /* TestsView.swift in Sources */ = {isa = PBXBuildFile; fileRef = 7529FF912187029F0052C262 /* TestsView.swift */; };
		752A37882180943E006F5D9D /* Post.swift in Sources */ = {isa = PBXBuildFile; fileRef = 752A37872180943E006F5D9D /* Post.swift */; };
		752A378A2180945C006F5D9D /* ShopItem.swift in Sources */ = {isa = PBXBuildFile; fileRef = 752A37892180945C006F5D9D /* ShopItem.swift */; };
		753C925D21821A85003AB964 /* ShoppingCard.swift in Sources */ = {isa = PBXBuildFile; fileRef = 753C925C21821A85003AB964 /* ShoppingCard.swift */; };
		754F424421A1BAE20048781C /* Charts.swift in Sources */ = {isa = PBXBuildFile; fileRef = 754F424321A1BAE20048781C /* Charts.swift */; };
		757B3E36217E32E1008A924D /* BlogEnrollment.swift in Sources */ = {isa = PBXBuildFile; fileRef = 757B3E35217E32E1008A924D /* BlogEnrollment.swift */; };
		757BE88E21930E4C0027DF83 /* DetailedTestView.swift in Sources */ = {isa = PBXBuildFile; fileRef = 757BE88D21930E4C0027DF83 /* DetailedTestView.swift */; };
		757BE890219311880027DF83 /* EditProfile.swift in Sources */ = {isa = PBXBuildFile; fileRef = 757BE88F219311880027DF83 /* EditProfile.swift */; };
		759E921B2168E3CD008F1690 /* AppDelegate.swift in Sources */ = {isa = PBXBuildFile; fileRef = 759E921A2168E3CD008F1690 /* AppDelegate.swift */; };
		759E92202168E3CD008F1690 /* Main.storyboard in Resources */ = {isa = PBXBuildFile; fileRef = 759E921E2168E3CD008F1690 /* Main.storyboard */; };
		759E92222168E3CF008F1690 /* Assets.xcassets in Resources */ = {isa = PBXBuildFile; fileRef = 759E92212168E3CF008F1690 /* Assets.xcassets */; };
		759E92252168E3CF008F1690 /* LaunchScreen.storyboard in Resources */ = {isa = PBXBuildFile; fileRef = 759E92232168E3CF008F1690 /* LaunchScreen.storyboard */; };
		759E922E2168E3E1008F1690 /* Home.swift in Sources */ = {isa = PBXBuildFile; fileRef = 759E922C2168E3E1008F1690 /* Home.swift */; };
		759E922F2168E3E1008F1690 /* Test.swift in Sources */ = {isa = PBXBuildFile; fileRef = 759E922D2168E3E1008F1690 /* Test.swift */; };
		75ACCC19217DE71E0062D251 /* Profile.swift in Sources */ = {isa = PBXBuildFile; fileRef = 75ACCC18217DE71E0062D251 /* Profile.swift */; };
/* End PBXBuildFile section */

/* Begin PBXFileReference section */
		75119EEA216CC4CF0051C92E /* Shop.swift */ = {isa = PBXFileReference; lastKnownFileType = sourcecode.swift; path = Shop.swift; sourceTree = "<group>"; };
		751D214E216A0BC900F866FD /* Blog.swift */ = {isa = PBXFileReference; lastKnownFileType = sourcecode.swift; path = Blog.swift; sourceTree = "<group>"; };
		7529FF912187029F0052C262 /* TestsView.swift */ = {isa = PBXFileReference; lastKnownFileType = sourcecode.swift; path = TestsView.swift; sourceTree = "<group>"; };
		752A37872180943E006F5D9D /* Post.swift */ = {isa = PBXFileReference; lastKnownFileType = sourcecode.swift; path = Post.swift; sourceTree = "<group>"; };
		752A37892180945C006F5D9D /* ShopItem.swift */ = {isa = PBXFileReference; lastKnownFileType = sourcecode.swift; path = ShopItem.swift; sourceTree = "<group>"; };
		753C925C21821A85003AB964 /* ShoppingCard.swift */ = {isa = PBXFileReference; lastKnownFileType = sourcecode.swift; path = ShoppingCard.swift; sourceTree = "<group>"; };
		754F424321A1BAE20048781C /* Charts.swift */ = {isa = PBXFileReference; lastKnownFileType = sourcecode.swift; path = Charts.swift; sourceTree = "<group>"; };
		757B3E35217E32E1008A924D /* BlogEnrollment.swift */ = {isa = PBXFileReference; lastKnownFileType = sourcecode.swift; path = BlogEnrollment.swift; sourceTree = "<group>"; };
		757BE88D21930E4C0027DF83 /* DetailedTestView.swift */ = {isa = PBXFileReference; lastKnownFileType = sourcecode.swift; path = DetailedTestView.swift; sourceTree = "<group>"; };
		757BE88F219311880027DF83 /* EditProfile.swift */ = {isa = PBXFileReference; lastKnownFileType = sourcecode.swift; path = EditProfile.swift; sourceTree = "<group>"; };
		759E92172168E3CD008F1690 /* SAT.app */ = {isa = PBXFileReference; explicitFileType = wrapper.application; includeInIndex = 0; path = SAT.app; sourceTree = BUILT_PRODUCTS_DIR; };
		759E921A2168E3CD008F1690 /* AppDelegate.swift */ = {isa = PBXFileReference; lastKnownFileType = sourcecode.swift; path = AppDelegate.swift; sourceTree = "<group>"; };
		759E921F2168E3CD008F1690 /* Base */ = {isa = PBXFileReference; lastKnownFileType = file.storyboard; name = Base; path = Base.lproj/Main.storyboard; sourceTree = "<group>"; };
		759E92212168E3CF008F1690 /* Assets.xcassets */ = {isa = PBXFileReference; lastKnownFileType = folder.assetcatalog; path = Assets.xcassets; sourceTree = "<group>"; };
		759E92242168E3CF008F1690 /* Base */ = {isa = PBXFileReference; lastKnownFileType = file.storyboard; name = Base; path = Base.lproj/LaunchScreen.storyboard; sourceTree = "<group>"; };
		759E92262168E3CF008F1690 /* Info.plist */ = {isa = PBXFileReference; lastKnownFileType = text.plist.xml; path = Info.plist; sourceTree = "<group>"; };
		759E922C2168E3E1008F1690 /* Home.swift */ = {isa = PBXFileReference; fileEncoding = 4; lastKnownFileType = sourcecode.swift; path = Home.swift; sourceTree = "<group>"; };
		759E922D2168E3E1008F1690 /* Test.swift */ = {isa = PBXFileReference; fileEncoding = 4; lastKnownFileType = sourcecode.swift; path = Test.swift; sourceTree = "<group>"; };
		75ACCC18217DE71E0062D251 /* Profile.swift */ = {isa = PBXFileReference; lastKnownFileType = sourcecode.swift; path = Profile.swift; sourceTree = "<group>"; };
/* End PBXFileReference section */

/* Begin PBXFrameworksBuildPhase section */
		759E92142168E3CD008F1690 /* Frameworks */ = {
			isa = PBXFrameworksBuildPhase;
			buildActionMask = 2147483647;
			files = (
			);
			runOnlyForDeploymentPostprocessing = 0;
		};
/* End PBXFrameworksBuildPhase section */

/* Begin PBXGroup section */
		759E920E2168E3CD008F1690 = {
			isa = PBXGroup;
			children = (
				759E92192168E3CD008F1690 /* SAT */,
				759E92182168E3CD008F1690 /* Products */,
			);
			sourceTree = "<group>";
		};
		759E92182168E3CD008F1690 /* Products */ = {
			isa = PBXGroup;
			children = (
				759E92172168E3CD008F1690 /* SAT.app */,
			);
			name = Products;
			sourceTree = "<group>";
		};
		759E92192168E3CD008F1690 /* SAT */ = {
			isa = PBXGroup;
			children = (
				759E921A2168E3CD008F1690 /* AppDelegate.swift */,
				759E921E2168E3CD008F1690 /* Main.storyboard */,
				759E922C2168E3E1008F1690 /* Home.swift */,
				7529FF912187029F0052C262 /* TestsView.swift */,
				757BE88D21930E4C0027DF83 /* DetailedTestView.swift */,
				759E922D2168E3E1008F1690 /* Test.swift */,
				751D214E216A0BC900F866FD /* Blog.swift */,
				752A37872180943E006F5D9D /* Post.swift */,
				75119EEA216CC4CF0051C92E /* Shop.swift */,
				752A37892180945C006F5D9D /* ShopItem.swift */,
				753C925C21821A85003AB964 /* ShoppingCard.swift */,
				75ACCC18217DE71E0062D251 /* Profile.swift */,
				757BE88F219311880027DF83 /* EditProfile.swift */,
				754F424321A1BAE20048781C /* Charts.swift */,
				757B3E35217E32E1008A924D /* BlogEnrollment.swift */,
				759E92212168E3CF008F1690 /* Assets.xcassets */,
				759E92232168E3CF008F1690 /* LaunchScreen.storyboard */,
				759E92262168E3CF008F1690 /* Info.plist */,
			);
			path = SAT;
			sourceTree = "<group>";
		};
/* End PBXGroup section */

/* Begin PBXNativeTarget section */
		759E92162168E3CD008F1690 /* SAT */ = {
			isa = PBXNativeTarget;
			buildConfigurationList = 759E92292168E3CF008F1690 /* Build configuration list for PBXNativeTarget "SAT" */;
			buildPhases = (
				759E92132168E3CD008F1690 /* Sources */,
				759E92142168E3CD008F1690 /* Frameworks */,
				759E92152168E3CD008F1690 /* Resources */,
			);
			buildRules = (
			);
			dependencies = (
			);
			name = SAT;
			productName = SAT;
			productReference = 759E92172168E3CD008F1690 /* SAT.app */;
			productType = "com.apple.product-type.application";
		};
/* End PBXNativeTarget section */

/* Begin PBXProject section */
		759E920F2168E3CD008F1690 /* Project object */ = {
			isa = PBXProject;
			attributes = {
				LastSwiftUpdateCheck = 0940;
				LastUpgradeCheck = 0940;
				ORGANIZATIONNAME = "Vahid Ghanbarpour";
				TargetAttributes = {
					759E92162168E3CD008F1690 = {
						CreatedOnToolsVersion = 9.4.1;
						LastSwiftMigration = 1000;
					};
				};
			};
			buildConfigurationList = 759E92122168E3CD008F1690 /* Build configuration list for PBXProject "SAT" */;
			compatibilityVersion = "Xcode 9.3";
			developmentRegion = en;
			hasScannedForEncodings = 0;
			knownRegions = (
				en,
				Base,
			);
			mainGroup = 759E920E2168E3CD008F1690;
			productRefGroup = 759E92182168E3CD008F1690 /* Products */;
			projectDirPath = "";
			projectRoot = "";
			targets = (
				759E92162168E3CD008F1690 /* SAT */,
			);
		};
/* End PBXProject section */

/* Begin PBXResourcesBuildPhase section */
		759E92152168E3CD008F1690 /* Resources */ = {
			isa = PBXResourcesBuildPhase;
			buildActionMask = 2147483647;
			files = (
				759E92252168E3CF008F1690 /* LaunchScreen.storyboard in Resources */,
				759E92222168E3CF008F1690 /* Assets.xcassets in Resources */,
				759E92202168E3CD008F1690 /* Main.storyboard in Resources */,
			);
			runOnlyForDeploymentPostprocessing = 0;
		};
/* End PBXResourcesBuildPhase section */

/* Begin PBXSourcesBuildPhase section */
		759E92132168E3CD008F1690 /* Sources */ = {
			isa = PBXSourcesBuildPhase;
			buildActionMask = 2147483647;
			files = (
				757BE88E21930E4C0027DF83 /* DetailedTestView.swift in Sources */,
				759E922F2168E3E1008F1690 /* Test.swift in Sources */,
				753C925D21821A85003AB964 /* ShoppingCard.swift in Sources */,
				7529FF922187029F0052C262 /* TestsView.swift in Sources */,
				754F424421A1BAE20048781C /* Charts.swift in Sources */,
				75ACCC19217DE71E0062D251 /* Profile.swift in Sources */,
				751D214F216A0BC900F866FD /* Blog.swift in Sources */,
				752A37882180943E006F5D9D /* Post.swift in Sources */,
				759E922E2168E3E1008F1690 /* Home.swift in Sources */,
				752A378A2180945C006F5D9D /* ShopItem.swift in Sources */,
				75119EEB216CC4CF0051C92E /* Shop.swift in Sources */,
				757BE890219311880027DF83 /* EditProfile.swift in Sources */,
				759E921B2168E3CD008F1690 /* AppDelegate.swift in Sources */,
				757B3E36217E32E1008A924D /* BlogEnrollment.swift in Sources */,
			);
			runOnlyForDeploymentPostprocessing = 0;
		};
/* End PBXSourcesBuildPhase section */

/* Begin PBXVariantGroup section */
		759E921E2168E3CD008F1690 /* Main.storyboard */ = {
			isa = PBXVariantGroup;
			children = (
				759E921F2168E3CD008F1690 /* Base */,
			);
			name = Main.storyboard;
			sourceTree = "<group>";
		};
		759E92232168E3CF008F1690 /* LaunchScreen.storyboard */ = {
			isa = PBXVariantGroup;
			children = (
				759E92242168E3CF008F1690 /* Base */,
			);
			name = LaunchScreen.storyboard;
			sourceTree = "<group>";
		};
/* End PBXVariantGroup section */

/* Begin XCBuildConfiguration section */
		759E92272168E3CF008F1690 /* Debug */ = {
			isa = XCBuildConfiguration;
			buildSettings = {
				ALWAYS_SEARCH_USER_PATHS = NO;
				CLANG_ANALYZER_NONNULL = YES;
				CLANG_ANALYZER_NUMBER_OBJECT_CONVERSION = YES_AGGRESSIVE;
				CLANG_CXX_LANGUAGE_STANDARD = "gnu++14";
				CLANG_CXX_LIBRARY = "libc++";
				CLANG_ENABLE_MODULES = YES;
				CLANG_ENABLE_OBJC_ARC = YES;
				CLANG_ENABLE_OBJC_WEAK = YES;
				CLANG_WARN_BLOCK_CAPTURE_AUTORELEASING = YES;
				CLANG_WARN_BOOL_CONVERSION = YES;
				CLANG_WARN_COMMA = YES;
				CLANG_WARN_CONSTANT_CONVERSION = YES;
				CLANG_WARN_DEPRECATED_OBJC_IMPLEMENTATIONS = YES;
				CLANG_WARN_DIRECT_OBJC_ISA_USAGE = YES_ERROR;
				CLANG_WARN_DOCUMENTATION_COMMENTS = YES;
				CLANG_WARN_EMPTY_BODY = YES;
				CLANG_WARN_ENUM_CONVERSION = YES;
				CLANG_WARN_INFINITE_RECURSION = YES;
				CLANG_WARN_INT_CONVERSION = YES;
				CLANG_WARN_NON_LITERAL_NULL_CONVERSION = YES;
				CLANG_WARN_OBJC_IMPLICIT_RETAIN_SELF = YES;
				CLANG_WARN_OBJC_LITERAL_CONVERSION = YES;
				CLANG_WARN_OBJC_ROOT_CLASS = YES_ERROR;
				CLANG_WARN_RANGE_LOOP_ANALYSIS = YES;
				CLANG_WARN_STRICT_PROTOTYPES = YES;
				CLANG_WARN_SUSPICIOUS_MOVE = YES;
				CLANG_WARN_UNGUARDED_AVAILABILITY = YES_AGGRESSIVE;
				CLANG_WARN_UNREACHABLE_CODE = YES;
				CLANG_WARN__DUPLICATE_METHOD_MATCH = YES;
				CODE_SIGN_IDENTITY = "iPhone Developer";
				COPY_PHASE_STRIP = NO;
				DEBUG_INFORMATION_FORMAT = dwarf;
				ENABLE_STRICT_OBJC_MSGSEND = YES;
				ENABLE_TESTABILITY = YES;
				GCC_C_LANGUAGE_STANDARD = gnu11;
				GCC_DYNAMIC_NO_PIC = NO;
				GCC_NO_COMMON_BLOCKS = YES;
				GCC_OPTIMIZATION_LEVEL = 0;
				GCC_PREPROCESSOR_DEFINITIONS = (
					"DEBUG=1",
					"$(inherited)",
				);
				GCC_WARN_64_TO_32_BIT_CONVERSION = YES;
				GCC_WARN_ABOUT_RETURN_TYPE = YES_ERROR;
				GCC_WARN_UNDECLARED_SELECTOR = YES;
				GCC_WARN_UNINITIALIZED_AUTOS = YES_AGGRESSIVE;
				GCC_WARN_UNUSED_FUNCTION = YES;
				GCC_WARN_UNUSED_VARIABLE = YES;
				IPHONEOS_DEPLOYMENT_TARGET = 11.4;
				MTL_ENABLE_DEBUG_INFO = YES;
				ONLY_ACTIVE_ARCH = YES;
				SDKROOT = iphoneos;
				SWIFT_ACTIVE_COMPILATION_CONDITIONS = DEBUG;
				SWIFT_OPTIMIZATION_LEVEL = "-Onone";
			};
			name = Debug;
		};
		759E92282168E3CF008F1690 /* Release */ = {
			isa = XCBuildConfiguration;
			buildSettings = {
				ALWAYS_SEARCH_USER_PATHS = NO;
				CLANG_ANALYZER_NONNULL = YES;
				CLANG_ANALYZER_NUMBER_OBJECT_CONVERSION = YES_AGGRESSIVE;
				CLANG_CXX_LANGUAGE_STANDARD = "gnu++14";
				CLANG_CXX_LIBRARY = "libc++";
				CLANG_ENABLE_MODULES = YES;
				CLANG_ENABLE_OBJC_ARC = YES;
				CLANG_ENABLE_OBJC_WEAK = YES;
				CLANG_WARN_BLOCK_CAPTURE_AUTORELEASING = YES;
				CLANG_WARN_BOOL_CONVERSION = YES;
				CLANG_WARN_COMMA = YES;
				CLANG_WARN_CONSTANT_CONVERSION = YES;
				CLANG_WARN_DEPRECATED_OBJC_IMPLEMENTATIONS = YES;
				CLANG_WARN_DIRECT_OBJC_ISA_USAGE = YES_ERROR;
				CLANG_WARN_DOCUMENTATION_COMMENTS = YES;
				CLANG_WARN_EMPTY_BODY = YES;
				CLANG_WARN_ENUM_CONVERSION = YES;
				CLANG_WARN_INFINITE_RECURSION = YES;
				CLANG_WARN_INT_CONVERSION = YES;
				CLANG_WARN_NON_LITERAL_NULL_CONVERSION = YES;
				CLANG_WARN_OBJC_IMPLICIT_RETAIN_SELF = YES;
				CLANG_WARN_OBJC_LITERAL_CONVERSION = YES;
				CLANG_WARN_OBJC_ROOT_CLASS = YES_ERROR;
				CLANG_WARN_RANGE_LOOP_ANALYSIS = YES;
				CLANG_WARN_STRICT_PROTOTYPES = YES;
				CLANG_WARN_SUSPICIOUS_MOVE = YES;
				CLANG_WARN_UNGUARDED_AVAILABILITY = YES_AGGRESSIVE;
				CLANG_WARN_UNREACHABLE_CODE = YES;
				CLANG_WARN__DUPLICATE_METHOD_MATCH = YES;
				CODE_SIGN_IDENTITY = "iPhone Developer";
				COPY_PHASE_STRIP = NO;
				DEBUG_INFORMATION_FORMAT = "dwarf-with-dsym";
				ENABLE_NS_ASSERTIONS = NO;
				ENABLE_STRICT_OBJC_MSGSEND = YES;
				GCC_C_LANGUAGE_STANDARD = gnu11;
				GCC_NO_COMMON_BLOCKS = YES;
				GCC_WARN_64_TO_32_BIT_CONVERSION = YES;
				GCC_WARN_ABOUT_RETURN_TYPE = YES_ERROR;
				GCC_WARN_UNDECLARED_SELECTOR = YES;
				GCC_WARN_UNINITIALIZED_AUTOS = YES_AGGRESSIVE;
				GCC_WARN_UNUSED_FUNCTION = YES;
				GCC_WARN_UNUSED_VARIABLE = YES;
				IPHONEOS_DEPLOYMENT_TARGET = 11.4;
				MTL_ENABLE_DEBUG_INFO = NO;
				SDKROOT = iphoneos;
				SWIFT_COMPILATION_MODE = wholemodule;
				SWIFT_OPTIMIZATION_LEVEL = "-O";
				VALIDATE_PRODUCT = YES;
			};
			name = Release;
		};
		759E922A2168E3CF008F1690 /* Debug */ = {
			isa = XCBuildConfiguration;
			buildSettings = {
				ASSETCATALOG_COMPILER_APPICON_NAME = AppIcon;
				CODE_SIGN_STYLE = Automatic;
				DEVELOPMENT_TEAM = W8U9KLFQF6;
				INFOPLIST_FILE = SAT/Info.plist;
				LD_RUNPATH_SEARCH_PATHS = (
					"$(inherited)",
					"@executable_path/Frameworks",
				);
				PRODUCT_BUNDLE_IDENTIFIER = vahidgr.SAT;
				PRODUCT_NAME = "$(TARGET_NAME)";
				SWIFT_VERSION = 4.2;
				TARGETED_DEVICE_FAMILY = "1,2";
			};
			name = Debug;
		};
		759E922B2168E3CF008F1690 /* Release */ = {
			isa = XCBuildConfiguration;
			buildSettings = {
				ASSETCATALOG_COMPILER_APPICON_NAME = AppIcon;
				CODE_SIGN_STYLE = Automatic;
				DEVELOPMENT_TEAM = W8U9KLFQF6;
				INFOPLIST_FILE = SAT/Info.plist;
				LD_RUNPATH_SEARCH_PATHS = (
					"$(inherited)",
					"@executable_path/Frameworks",
				);
				PRODUCT_BUNDLE_IDENTIFIER = vahidgr.SAT;
				PRODUCT_NAME = "$(TARGET_NAME)";
				SWIFT_VERSION = 4.2;
				TARGETED_DEVICE_FAMILY = "1,2";
			};
			name = Release;
		};
/* End XCBuildConfiguration section */

/* Begin XCConfigurationList section */
		759E92122168E3CD008F1690 /* Build configuration list for PBXProject "SAT" */ = {
			isa = XCConfigurationList;
			buildConfigurations = (
				759E92272168E3CF008F1690 /* Debug */,
				759E92282168E3CF008F1690 /* Release */,
			);
			defaultConfigurationIsVisible = 0;
			defaultConfigurationName = Release;
		};
		759E92292168E3CF008F1690 /* Build configuration list for PBXNativeTarget "SAT" */ = {
			isa = XCConfigurationList;
			buildConfigurations = (
				759E922A2168E3CF008F1690 /* Debug */,
				759E922B2168E3CF008F1690 /* Release */,
			);
			defaultConfigurationIsVisible = 0;
			defaultConfigurationName = Release;
		};
/* End XCConfigurationList section */
	};
	rootObject = 759E920F2168E3CD008F1690 /* Project object */;
}
